PODS:
  - Alamofire (1.2.3)
  - CoreStore (0.2.1):
    - GCDKit (= 1.0.1)
  - EmitterKit (3.2.1)
  - GCDKit (1.0.1)
  - JSONHelper (1.6.0)
  - SnapKit (0.12.0)
  - SwiftTask (3.3.1)

DEPENDENCIES:
  - Alamofire (~> 1.2)
  - CoreStore (from `https://github.com/JohnEstropia/CoreStore.git`, tag `0.2.1`)
  - EmitterKit (~> 3.2)
  - JSONHelper
  - SnapKit (~> 0.12.0)
  - SwiftTask (~> 3.3)

EXTERNAL SOURCES:
  CoreStore:
    :git: https://github.com/JohnEstropia/CoreStore.git
    :tag: 0.2.1

CHECKOUT OPTIONS:
  CoreStore:
    :git: https://github.com/JohnEstropia/CoreStore.git
    :tag: 0.2.1

SPEC CHECKSUMS:
  Alamofire: 5550bf0b575ed1a4bf9be572f9463e1015cc169e
  CoreStore: 48bf12abe2803cfba6f6b993a1504094caef8c5a
  EmitterKit: c052cafcca0052005760d18e0c7f163df13730c3
  GCDKit: cabc5ea4ae8d53134e657b59c99e16141d15a8fd
  JSONHelper: 41af4b93519cc4fd75d81952628e0006c61d12c7
  SnapKit: 00c388aa3bf1944c1b55472f31e841f75bd83882
  SwiftTask: 0baec4571e2ea235e73817c399cde12056c81f6f

COCOAPODS: 0.37.2
