// !$*UTF8*$!
{
	archiveVersion = 1;
	classes = {
	};
	objectVersion = 46;
	objects = {

/* Begin PBXBuildFile section */
		780AA6DD1B5BF81100D0A622 /* TweetApiData.swift in Sources */ = {isa = PBXBuildFile; fileRef = 780AA6DC1B5BF81100D0A622 /* TweetApiData.swift */; };
		7826CD211B6087B600B7DBD1 /* Size.swift in Sources */ = {isa = PBXBuildFile; fileRef = 7826CD201B6087B600B7DBD1 /* Size.swift */; };
		7826CD231B608ABC00B7DBD1 /* Media.swift in Sources */ = {isa = PBXBuildFile; fileRef = 7826CD221B608ABC00B7DBD1 /* Media.swift */; };
		7826CD251B608BB700B7DBD1 /* ExtendedMedia.swift in Sources */ = {isa = PBXBuildFile; fileRef = 7826CD241B608BB700B7DBD1 /* ExtendedMedia.swift */; };
		7826CD291B60A0D300B7DBD1 /* StoreUtilities.swift in Sources */ = {isa = PBXBuildFile; fileRef = 7826CD281B60A0D300B7DBD1 /* StoreUtilities.swift */; };
		7834C9681B589577004029C3 /* UserApiData.swift in Sources */ = {isa = PBXBuildFile; fileRef = 7834C9671B589577004029C3 /* UserApiData.swift */; };
		7834C96C1B5898A7004029C3 /* FriendsStore.swift in Sources */ = {isa = PBXBuildFile; fileRef = 7834C96B1B5898A7004029C3 /* FriendsStore.swift */; };
		7834C96E1B58A423004029C3 /* AccountModel.swift in Sources */ = {isa = PBXBuildFile; fileRef = 7834C96D1B58A423004029C3 /* AccountModel.swift */; };
		7834C9701B58A423004029C3 /* UserModel.swift in Sources */ = {isa = PBXBuildFile; fileRef = 7834C96F1B58A423004029C3 /* UserModel.swift */; };
		7834C9721B58B573004029C3 /* FriendsIdsData.swift in Sources */ = {isa = PBXBuildFile; fileRef = 7834C9711B58B573004029C3 /* FriendsIdsData.swift */; };
		784B5FA01B5C1D0D006F1300 /* TwitterApiServiceUtilities.swift in Sources */ = {isa = PBXBuildFile; fileRef = 784B5F9F1B5C1D0D006F1300 /* TwitterApiServiceUtilities.swift */; };
		784B5FA21B5C379F006F1300 /* TweetsViewController.swift in Sources */ = {isa = PBXBuildFile; fileRef = 784B5FA11B5C379F006F1300 /* TweetsViewController.swift */; };
		784B5FA41B5C3855006F1300 /* TweetCell.swift in Sources */ = {isa = PBXBuildFile; fileRef = 784B5FA31B5C3855006F1300 /* TweetCell.swift */; };
		784B5FA71B5C592F006F1300 /* ImageBoxView.swift in Sources */ = {isa = PBXBuildFile; fileRef = 784B5FA61B5C592F006F1300 /* ImageBoxView.swift */; };
		784B5FA91B5C5CC7006F1300 /* TweetsStore.swift in Sources */ = {isa = PBXBuildFile; fileRef = 784B5FA81B5C5CC7006F1300 /* TweetsStore.swift */; };
		784B5FD91B5C7AE2006F1300 /* UnreadIndicatorView.swift in Sources */ = {isa = PBXBuildFile; fileRef = 784B5FD81B5C7AE2006F1300 /* UnreadIndicatorView.swift */; };
		784B5FDB1B5C7B6F006F1300 /* TimestampView.swift in Sources */ = {isa = PBXBuildFile; fileRef = 784B5FDA1B5C7B6F006F1300 /* TimestampView.swift */; };
		784B5FDD1B5C7BDE006F1300 /* UserNameLabel.swift in Sources */ = {isa = PBXBuildFile; fileRef = 784B5FDC1B5C7BDE006F1300 /* UserNameLabel.swift */; };
		784B5FDF1B5C96EF006F1300 /* TweetTextView.swift in Sources */ = {isa = PBXBuildFile; fileRef = 784B5FDE1B5C96EF006F1300 /* TweetTextView.swift */; };
		786E70C81B560F7D00B78FFE /* OauthCallbackData.swift in Sources */ = {isa = PBXBuildFile; fileRef = 786E70C71B560F7D00B78FFE /* OauthCallbackData.swift */; };
		786E70CD1B56195500B78FFE /* StoreEvent.swift in Sources */ = {isa = PBXBuildFile; fileRef = 786E70CC1B56195500B78FFE /* StoreEvent.swift */; };
		788A57631B5F111600AF91B9 /* Account.swift in Sources */ = {isa = PBXBuildFile; fileRef = 788A57621B5F111600AF91B9 /* Account.swift */; };
		788A57661B5F12B700AF91B9 /* UserEntities.swift in Sources */ = {isa = PBXBuildFile; fileRef = 788A57651B5F12B700AF91B9 /* UserEntities.swift */; };
		788A57681B5F147B00AF91B9 /* UserEntity.swift in Sources */ = {isa = PBXBuildFile; fileRef = 788A57671B5F147B00AF91B9 /* UserEntity.swift */; };
		788ABF2C1B5F57F900E3540F /* Tweet.swift in Sources */ = {isa = PBXBuildFile; fileRef = 788ABF2B1B5F57F900E3540F /* Tweet.swift */; };
		788ABF2E1B5FC2B400E3540F /* Coordinates.swift in Sources */ = {isa = PBXBuildFile; fileRef = 788ABF2D1B5FC2B400E3540F /* Coordinates.swift */; };
		788ABF301B5FC3F700E3540F /* Place.swift in Sources */ = {isa = PBXBuildFile; fileRef = 788ABF2F1B5FC3F700E3540F /* Place.swift */; };
		788ABF321B5FC53E00E3540F /* ExtendedMediaApiData.swift in Sources */ = {isa = PBXBuildFile; fileRef = 788ABF311B5FC53E00E3540F /* ExtendedMediaApiData.swift */; };
		788ABF341B5FC5C700E3540F /* VideoInfo.swift in Sources */ = {isa = PBXBuildFile; fileRef = 788ABF331B5FC5C700E3540F /* VideoInfo.swift */; };
		788ABF361B5FC66300E3540F /* VideoInfoVariant.swift in Sources */ = {isa = PBXBuildFile; fileRef = 788ABF351B5FC66300E3540F /* VideoInfoVariant.swift */; };
		788ABF381B5FC7FF00E3540F /* ExtendedEntities.swift in Sources */ = {isa = PBXBuildFile; fileRef = 788ABF371B5FC7FF00E3540F /* ExtendedEntities.swift */; };
		788ABF3A1B5FCBC000E3540F /* RetweetedStatus.swift in Sources */ = {isa = PBXBuildFile; fileRef = 788ABF391B5FCBC000E3540F /* RetweetedStatus.swift */; };
		788ABF3C1B60763500E3540F /* UrlEntityModel.swift in Sources */ = {isa = PBXBuildFile; fileRef = 788ABF3B1B60763500E3540F /* UrlEntityModel.swift */; };
		788ABF3E1B60764D00E3540F /* UserMentionEntityModel.swift in Sources */ = {isa = PBXBuildFile; fileRef = 788ABF3D1B60764D00E3540F /* UserMentionEntityModel.swift */; };
		788ABF401B60765800E3540F /* HashtagEntityModel.swift in Sources */ = {isa = PBXBuildFile; fileRef = 788ABF3F1B60765800E3540F /* HashtagEntityModel.swift */; };
		788ABF421B60769C00E3540F /* MediaEntityModel.swift in Sources */ = {isa = PBXBuildFile; fileRef = 788ABF411B60769C00E3540F /* MediaEntityModel.swift */; };
		788ABF441B6076B500E3540F /* ExtendedMediaEntityModel.swift in Sources */ = {isa = PBXBuildFile; fileRef = 788ABF431B6076B500E3540F /* ExtendedMediaEntityModel.swift */; };
		788ABF461B6076D000E3540F /* SizeModel.swift in Sources */ = {isa = PBXBuildFile; fileRef = 788ABF451B6076D000E3540F /* SizeModel.swift */; };
		78B4DA2D1B5BFD19008CBD37 /* TweetModel.swift in Sources */ = {isa = PBXBuildFile; fileRef = 78B4DA2C1B5BFD19008CBD37 /* TweetModel.swift */; };
		78BD38321B5AF00900FA060B /* TwitterApi.swift in Sources */ = {isa = PBXBuildFile; fileRef = 78BD38311B5AF00900FA060B /* TwitterApi.swift */; };
		78BD38341B5AF1AA00FA060B /* OauthRequestTokenData.swift in Sources */ = {isa = PBXBuildFile; fileRef = 78BD38331B5AF1AA00FA060B /* OauthRequestTokenData.swift */; };
		78CF9F581B5B614100DE9D9E /* FriendCell.swift in Sources */ = {isa = PBXBuildFile; fileRef = 78CF9F571B5B614100DE9D9E /* FriendCell.swift */; };
		78CF9F5A1B5B61AB00DE9D9E /* UIColor+Extension.swift in Sources */ = {isa = PBXBuildFile; fileRef = 78CF9F591B5B61AB00DE9D9E /* UIColor+Extension.swift */; };
		78CF9F5C1B5B632D00DE9D9E /* ProfileImageView.swift in Sources */ = {isa = PBXBuildFile; fileRef = 78CF9F5B1B5B632D00DE9D9E /* ProfileImageView.swift */; };
		78CF9F5E1B5B704B00DE9D9E /* FriendCellNameLabel.swift in Sources */ = {isa = PBXBuildFile; fileRef = 78CF9F5D1B5B704B00DE9D9E /* FriendCellNameLabel.swift */; };
		78CF9F601B5B710D00DE9D9E /* FriendCellScreenNameLabel.swift in Sources */ = {isa = PBXBuildFile; fileRef = 78CF9F5F1B5B710D00DE9D9E /* FriendCellScreenNameLabel.swift */; };
		78CF9F621B5B725300DE9D9E /* FriendCellUnreadCountView.swift in Sources */ = {isa = PBXBuildFile; fileRef = 78CF9F611B5B725300DE9D9E /* FriendCellUnreadCountView.swift */; };
		78E2517B1B5F49DD00E7E5FC /* User.swift in Sources */ = {isa = PBXBuildFile; fileRef = 78E2517A1B5F49DD00E7E5FC /* User.swift */; };
		78EF90231B5DF98C007F8D99 /* Hashtag.swift in Sources */ = {isa = PBXBuildFile; fileRef = 78EF90221B5DF98C007F8D99 /* Hashtag.swift */; };
		78EF90251B5DF9B2007F8D99 /* Entities.swift in Sources */ = {isa = PBXBuildFile; fileRef = 78EF90241B5DF9B2007F8D99 /* Entities.swift */; };
		78EF90271B5DFB89007F8D99 /* UserMention.swift in Sources */ = {isa = PBXBuildFile; fileRef = 78EF90261B5DFB89007F8D99 /* UserMention.swift */; };
		78EF90291B5DFBA0007F8D99 /* Url.swift in Sources */ = {isa = PBXBuildFile; fileRef = 78EF90281B5DFBA0007F8D99 /* Url.swift */; };
		78EF902B1B5DFBB0007F8D99 /* MediaApiData.swift in Sources */ = {isa = PBXBuildFile; fileRef = 78EF902A1B5DFBB0007F8D99 /* MediaApiData.swift */; };
		78EF902D1B5DFDBD007F8D99 /* SizeApiData.swift in Sources */ = {isa = PBXBuildFile; fileRef = 78EF902C1B5DFDBD007F8D99 /* SizeApiData.swift */; };
		78EF902F1B5DFE30007F8D99 /* SizeDetail.swift in Sources */ = {isa = PBXBuildFile; fileRef = 78EF902E1B5DFE30007F8D99 /* SizeDetail.swift */; };
		78FD6C261B55FC9300AA3875 /* AppDelegate.swift in Sources */ = {isa = PBXBuildFile; fileRef = 78FD6C251B55FC9300AA3875 /* AppDelegate.swift */; };
		78FD6C291B55FC9300AA3875 /* Avetuc.xcdatamodeld in Sources */ = {isa = PBXBuildFile; fileRef = 78FD6C271B55FC9300AA3875 /* Avetuc.xcdatamodeld */; };
		78FD6C301B55FC9300AA3875 /* Images.xcassets in Resources */ = {isa = PBXBuildFile; fileRef = 78FD6C2F1B55FC9300AA3875 /* Images.xcassets */; };
		78FD6C331B55FC9300AA3875 /* LaunchScreen.xib in Resources */ = {isa = PBXBuildFile; fileRef = 78FD6C311B55FC9300AA3875 /* LaunchScreen.xib */; };
		78FD6C3F1B55FC9300AA3875 /* AvetucTests.swift in Sources */ = {isa = PBXBuildFile; fileRef = 78FD6C3E1B55FC9300AA3875 /* AvetucTests.swift */; };
		78FD6C491B55FE1800AA3875 /* Utilities.swift in Sources */ = {isa = PBXBuildFile; fileRef = 78FD6C481B55FE1800AA3875 /* Utilities.swift */; };
		78FD6C4B1B55FE2B00AA3875 /* RootViewController.swift in Sources */ = {isa = PBXBuildFile; fileRef = 78FD6C4A1B55FE2B00AA3875 /* RootViewController.swift */; };
		78FD6C511B55FED000AA3875 /* Actions.swift in Sources */ = {isa = PBXBuildFile; fileRef = 78FD6C501B55FED000AA3875 /* Actions.swift */; };
		78FD6C541B55FEFC00AA3875 /* AccountApiData.swift in Sources */ = {isa = PBXBuildFile; fileRef = 78FD6C531B55FEFC00AA3875 /* AccountApiData.swift */; };
		78FD6C5B1B55FF5700AA3875 /* Dispatcher.swift in Sources */ = {isa = PBXBuildFile; fileRef = 78FD6C5A1B55FF5700AA3875 /* Dispatcher.swift */; };
		78FD6C5D1B55FFA100AA3875 /* LocalStorageService.swift in Sources */ = {isa = PBXBuildFile; fileRef = 78FD6C5C1B55FFA100AA3875 /* LocalStorageService.swift */; };
		78FD6C641B56000000AA3875 /* TwitterApiService.swift in Sources */ = {isa = PBXBuildFile; fileRef = 78FD6C631B56000000AA3875 /* TwitterApiService.swift */; };
		78FD6C661B56001F00AA3875 /* Config.swift in Sources */ = {isa = PBXBuildFile; fileRef = 78FD6C651B56001F00AA3875 /* Config.swift */; };
		78FD6C681B56003500AA3875 /* TwitterApiClient.swift in Sources */ = {isa = PBXBuildFile; fileRef = 78FD6C671B56003500AA3875 /* TwitterApiClient.swift */; };
		78FD6C6A1B56008100AA3875 /* Request+Extension.swift in Sources */ = {isa = PBXBuildFile; fileRef = 78FD6C691B56008100AA3875 /* Request+Extension.swift */; };
		78FD6C6C1B5600A100AA3875 /* TwitterApiEndpoint.swift in Sources */ = {isa = PBXBuildFile; fileRef = 78FD6C6B1B5600A100AA3875 /* TwitterApiEndpoint.swift */; };
		78FD6C6E1B5600B000AA3875 /* TwitterApiParam.swift in Sources */ = {isa = PBXBuildFile; fileRef = 78FD6C6D1B5600B000AA3875 /* TwitterApiParam.swift */; };
		78FD6C721B5600DC00AA3875 /* TwitterApiUtils.swift in Sources */ = {isa = PBXBuildFile; fileRef = 78FD6C711B5600DC00AA3875 /* TwitterApiUtils.swift */; };
		78FD6C761B56011800AA3875 /* TimestampUtility.swift in Sources */ = {isa = PBXBuildFile; fileRef = 78FD6C751B56011800AA3875 /* TimestampUtility.swift */; };
		78FD6C7B1B56018900AA3875 /* AccountsStore.swift in Sources */ = {isa = PBXBuildFile; fileRef = 78FD6C7A1B56018900AA3875 /* AccountsStore.swift */; };
		78FD6C7E1B5601B500AA3875 /* FriendsViewController.swift in Sources */ = {isa = PBXBuildFile; fileRef = 78FD6C7D1B5601B500AA3875 /* FriendsViewController.swift */; };
		78FD6C801B5601D500AA3875 /* IntroViewController.swift in Sources */ = {isa = PBXBuildFile; fileRef = 78FD6C7F1B5601D500AA3875 /* IntroViewController.swift */; };
		78FD6C821B5601E500AA3875 /* IntroView.swift in Sources */ = {isa = PBXBuildFile; fileRef = 78FD6C811B5601E400AA3875 /* IntroView.swift */; };
		8D96051C56640C1CDFE78EE0 /* Pods.framework in Frameworks */ = {isa = PBXBuildFile; fileRef = 84AE55537037288AF826D948 /* Pods.framework */; settings = {ATTRIBUTES = (Weak, ); }; };
/* End PBXBuildFile section */

/* Begin PBXContainerItemProxy section */
		78FD6C391B55FC9300AA3875 /* PBXContainerItemProxy */ = {
			isa = PBXContainerItemProxy;
			containerPortal = 78FD6C181B55FC9300AA3875 /* Project object */;
			proxyType = 1;
			remoteGlobalIDString = 78FD6C1F1B55FC9300AA3875;
			remoteInfo = Avetuc;
		};
/* End PBXContainerItemProxy section */

/* Begin PBXFileReference section */
		1081824BEB9FCB5522FE66AF /* Pods.debug.xcconfig */ = {isa = PBXFileReference; includeInIndex = 1; lastKnownFileType = text.xcconfig; name = Pods.debug.xcconfig; path = "Pods/Target Support Files/Pods/Pods.debug.xcconfig"; sourceTree = "<group>"; };
		780AA6DC1B5BF81100D0A622 /* TweetApiData.swift */ = {isa = PBXFileReference; fileEncoding = 4; lastKnownFileType = sourcecode.swift; path = TweetApiData.swift; sourceTree = "<group>"; };
		7826CD201B6087B600B7DBD1 /* Size.swift */ = {isa = PBXFileReference; fileEncoding = 4; lastKnownFileType = sourcecode.swift; path = Size.swift; sourceTree = "<group>"; };
		7826CD221B608ABC00B7DBD1 /* Media.swift */ = {isa = PBXFileReference; fileEncoding = 4; lastKnownFileType = sourcecode.swift; path = Media.swift; sourceTree = "<group>"; };
		7826CD241B608BB700B7DBD1 /* ExtendedMedia.swift */ = {isa = PBXFileReference; fileEncoding = 4; lastKnownFileType = sourcecode.swift; path = ExtendedMedia.swift; sourceTree = "<group>"; };
		7826CD281B60A0D300B7DBD1 /* StoreUtilities.swift */ = {isa = PBXFileReference; fileEncoding = 4; lastKnownFileType = sourcecode.swift; path = StoreUtilities.swift; sourceTree = "<group>"; };
		7834C9671B589577004029C3 /* UserApiData.swift */ = {isa = PBXFileReference; fileEncoding = 4; lastKnownFileType = sourcecode.swift; path = UserApiData.swift; sourceTree = "<group>"; };
		7834C96B1B5898A7004029C3 /* FriendsStore.swift */ = {isa = PBXFileReference; fileEncoding = 4; lastKnownFileType = sourcecode.swift; path = FriendsStore.swift; sourceTree = "<group>"; };
		7834C96D1B58A423004029C3 /* AccountModel.swift */ = {isa = PBXFileReference; fileEncoding = 4; lastKnownFileType = sourcecode.swift; path = AccountModel.swift; sourceTree = "<group>"; };
		7834C96F1B58A423004029C3 /* UserModel.swift */ = {isa = PBXFileReference; fileEncoding = 4; lastKnownFileType = sourcecode.swift; path = UserModel.swift; sourceTree = "<group>"; };
		7834C9711B58B573004029C3 /* FriendsIdsData.swift */ = {isa = PBXFileReference; fileEncoding = 4; lastKnownFileType = sourcecode.swift; path = FriendsIdsData.swift; sourceTree = "<group>"; };
		784B5F9F1B5C1D0D006F1300 /* TwitterApiServiceUtilities.swift */ = {isa = PBXFileReference; fileEncoding = 4; lastKnownFileType = sourcecode.swift; path = TwitterApiServiceUtilities.swift; sourceTree = "<group>"; };
		784B5FA11B5C379F006F1300 /* TweetsViewController.swift */ = {isa = PBXFileReference; fileEncoding = 4; lastKnownFileType = sourcecode.swift; path = TweetsViewController.swift; sourceTree = "<group>"; };
		784B5FA31B5C3855006F1300 /* TweetCell.swift */ = {isa = PBXFileReference; fileEncoding = 4; lastKnownFileType = sourcecode.swift; path = TweetCell.swift; sourceTree = "<group>"; };
		784B5FA61B5C592F006F1300 /* ImageBoxView.swift */ = {isa = PBXFileReference; fileEncoding = 4; lastKnownFileType = sourcecode.swift; path = ImageBoxView.swift; sourceTree = "<group>"; };
		784B5FA81B5C5CC7006F1300 /* TweetsStore.swift */ = {isa = PBXFileReference; fileEncoding = 4; lastKnownFileType = sourcecode.swift; path = TweetsStore.swift; sourceTree = "<group>"; };
		784B5FD81B5C7AE2006F1300 /* UnreadIndicatorView.swift */ = {isa = PBXFileReference; fileEncoding = 4; lastKnownFileType = sourcecode.swift; path = UnreadIndicatorView.swift; sourceTree = "<group>"; };
		784B5FDA1B5C7B6F006F1300 /* TimestampView.swift */ = {isa = PBXFileReference; fileEncoding = 4; lastKnownFileType = sourcecode.swift; path = TimestampView.swift; sourceTree = "<group>"; };
		784B5FDC1B5C7BDE006F1300 /* UserNameLabel.swift */ = {isa = PBXFileReference; fileEncoding = 4; lastKnownFileType = sourcecode.swift; path = UserNameLabel.swift; sourceTree = "<group>"; };
		784B5FDE1B5C96EF006F1300 /* TweetTextView.swift */ = {isa = PBXFileReference; fileEncoding = 4; lastKnownFileType = sourcecode.swift; path = TweetTextView.swift; sourceTree = "<group>"; };
		786E70C71B560F7D00B78FFE /* OauthCallbackData.swift */ = {isa = PBXFileReference; fileEncoding = 4; lastKnownFileType = sourcecode.swift; path = OauthCallbackData.swift; sourceTree = "<group>"; };
		786E70CC1B56195500B78FFE /* StoreEvent.swift */ = {isa = PBXFileReference; fileEncoding = 4; lastKnownFileType = sourcecode.swift; path = StoreEvent.swift; sourceTree = "<group>"; };
		788A57621B5F111600AF91B9 /* Account.swift */ = {isa = PBXFileReference; fileEncoding = 4; lastKnownFileType = sourcecode.swift; path = Account.swift; sourceTree = "<group>"; };
		788A57651B5F12B700AF91B9 /* UserEntities.swift */ = {isa = PBXFileReference; fileEncoding = 4; lastKnownFileType = sourcecode.swift; path = UserEntities.swift; sourceTree = "<group>"; };
		788A57671B5F147B00AF91B9 /* UserEntity.swift */ = {isa = PBXFileReference; fileEncoding = 4; lastKnownFileType = sourcecode.swift; path = UserEntity.swift; sourceTree = "<group>"; };
		788ABF2B1B5F57F900E3540F /* Tweet.swift */ = {isa = PBXFileReference; fileEncoding = 4; lastKnownFileType = sourcecode.swift; path = Tweet.swift; sourceTree = "<group>"; };
		788ABF2D1B5FC2B400E3540F /* Coordinates.swift */ = {isa = PBXFileReference; fileEncoding = 4; lastKnownFileType = sourcecode.swift; path = Coordinates.swift; sourceTree = "<group>"; };
		788ABF2F1B5FC3F700E3540F /* Place.swift */ = {isa = PBXFileReference; fileEncoding = 4; lastKnownFileType = sourcecode.swift; path = Place.swift; sourceTree = "<group>"; };
		788ABF311B5FC53E00E3540F /* ExtendedMediaApiData.swift */ = {isa = PBXFileReference; fileEncoding = 4; lastKnownFileType = sourcecode.swift; path = ExtendedMediaApiData.swift; sourceTree = "<group>"; };
		788ABF331B5FC5C700E3540F /* VideoInfo.swift */ = {isa = PBXFileReference; fileEncoding = 4; lastKnownFileType = sourcecode.swift; path = VideoInfo.swift; sourceTree = "<group>"; };
		788ABF351B5FC66300E3540F /* VideoInfoVariant.swift */ = {isa = PBXFileReference; fileEncoding = 4; lastKnownFileType = sourcecode.swift; path = VideoInfoVariant.swift; sourceTree = "<group>"; };
		788ABF371B5FC7FF00E3540F /* ExtendedEntities.swift */ = {isa = PBXFileReference; fileEncoding = 4; lastKnownFileType = sourcecode.swift; path = ExtendedEntities.swift; sourceTree = "<group>"; };
		788ABF391B5FCBC000E3540F /* RetweetedStatus.swift */ = {isa = PBXFileReference; fileEncoding = 4; lastKnownFileType = sourcecode.swift; path = RetweetedStatus.swift; sourceTree = "<group>"; };
		788ABF3B1B60763500E3540F /* UrlEntityModel.swift */ = {isa = PBXFileReference; fileEncoding = 4; lastKnownFileType = sourcecode.swift; path = UrlEntityModel.swift; sourceTree = "<group>"; };
		788ABF3D1B60764D00E3540F /* UserMentionEntityModel.swift */ = {isa = PBXFileReference; fileEncoding = 4; lastKnownFileType = sourcecode.swift; path = UserMentionEntityModel.swift; sourceTree = "<group>"; };
		788ABF3F1B60765800E3540F /* HashtagEntityModel.swift */ = {isa = PBXFileReference; fileEncoding = 4; lastKnownFileType = sourcecode.swift; path = HashtagEntityModel.swift; sourceTree = "<group>"; };
		788ABF411B60769C00E3540F /* MediaEntityModel.swift */ = {isa = PBXFileReference; fileEncoding = 4; lastKnownFileType = sourcecode.swift; path = MediaEntityModel.swift; sourceTree = "<group>"; };
		788ABF431B6076B500E3540F /* ExtendedMediaEntityModel.swift */ = {isa = PBXFileReference; fileEncoding = 4; lastKnownFileType = sourcecode.swift; path = ExtendedMediaEntityModel.swift; sourceTree = "<group>"; };
		788ABF451B6076D000E3540F /* SizeModel.swift */ = {isa = PBXFileReference; fileEncoding = 4; lastKnownFileType = sourcecode.swift; path = SizeModel.swift; sourceTree = "<group>"; };
		78B4DA2C1B5BFD19008CBD37 /* TweetModel.swift */ = {isa = PBXFileReference; fileEncoding = 4; lastKnownFileType = sourcecode.swift; path = TweetModel.swift; sourceTree = "<group>"; };
		78BD38311B5AF00900FA060B /* TwitterApi.swift */ = {isa = PBXFileReference; fileEncoding = 4; lastKnownFileType = sourcecode.swift; path = TwitterApi.swift; sourceTree = "<group>"; };
		78BD38331B5AF1AA00FA060B /* OauthRequestTokenData.swift */ = {isa = PBXFileReference; fileEncoding = 4; lastKnownFileType = sourcecode.swift; path = OauthRequestTokenData.swift; sourceTree = "<group>"; };
		78CF9F571B5B614100DE9D9E /* FriendCell.swift */ = {isa = PBXFileReference; fileEncoding = 4; lastKnownFileType = sourcecode.swift; path = FriendCell.swift; sourceTree = "<group>"; };
		78CF9F591B5B61AB00DE9D9E /* UIColor+Extension.swift */ = {isa = PBXFileReference; fileEncoding = 4; lastKnownFileType = sourcecode.swift; path = "UIColor+Extension.swift"; sourceTree = "<group>"; };
		78CF9F5B1B5B632D00DE9D9E /* ProfileImageView.swift */ = {isa = PBXFileReference; fileEncoding = 4; lastKnownFileType = sourcecode.swift; path = ProfileImageView.swift; sourceTree = "<group>"; };
		78CF9F5D1B5B704B00DE9D9E /* FriendCellNameLabel.swift */ = {isa = PBXFileReference; fileEncoding = 4; lastKnownFileType = sourcecode.swift; path = FriendCellNameLabel.swift; sourceTree = "<group>"; };
		78CF9F5F1B5B710D00DE9D9E /* FriendCellScreenNameLabel.swift */ = {isa = PBXFileReference; fileEncoding = 4; lastKnownFileType = sourcecode.swift; path = FriendCellScreenNameLabel.swift; sourceTree = "<group>"; };
		78CF9F611B5B725300DE9D9E /* FriendCellUnreadCountView.swift */ = {isa = PBXFileReference; fileEncoding = 4; lastKnownFileType = sourcecode.swift; path = FriendCellUnreadCountView.swift; sourceTree = "<group>"; };
		78E2517A1B5F49DD00E7E5FC /* User.swift */ = {isa = PBXFileReference; fileEncoding = 4; lastKnownFileType = sourcecode.swift; path = User.swift; sourceTree = "<group>"; };
		78EF90221B5DF98C007F8D99 /* Hashtag.swift */ = {isa = PBXFileReference; fileEncoding = 4; lastKnownFileType = sourcecode.swift; path = Hashtag.swift; sourceTree = "<group>"; };
		78EF90241B5DF9B2007F8D99 /* Entities.swift */ = {isa = PBXFileReference; fileEncoding = 4; lastKnownFileType = sourcecode.swift; path = Entities.swift; sourceTree = "<group>"; };
		78EF90261B5DFB89007F8D99 /* UserMention.swift */ = {isa = PBXFileReference; fileEncoding = 4; lastKnownFileType = sourcecode.swift; path = UserMention.swift; sourceTree = "<group>"; };
		78EF90281B5DFBA0007F8D99 /* Url.swift */ = {isa = PBXFileReference; fileEncoding = 4; lastKnownFileType = sourcecode.swift; path = Url.swift; sourceTree = "<group>"; };
		78EF902A1B5DFBB0007F8D99 /* MediaApiData.swift */ = {isa = PBXFileReference; fileEncoding = 4; lastKnownFileType = sourcecode.swift; path = MediaApiData.swift; sourceTree = "<group>"; };
		78EF902C1B5DFDBD007F8D99 /* SizeApiData.swift */ = {isa = PBXFileReference; fileEncoding = 4; lastKnownFileType = sourcecode.swift; path = SizeApiData.swift; sourceTree = "<group>"; };
		78EF902E1B5DFE30007F8D99 /* SizeDetail.swift */ = {isa = PBXFileReference; fileEncoding = 4; lastKnownFileType = sourcecode.swift; path = SizeDetail.swift; sourceTree = "<group>"; };
		78FD6C201B55FC9300AA3875 /* Avetuc.app */ = {isa = PBXFileReference; explicitFileType = wrapper.application; includeInIndex = 0; path = Avetuc.app; sourceTree = BUILT_PRODUCTS_DIR; };
		78FD6C241B55FC9300AA3875 /* Info.plist */ = {isa = PBXFileReference; lastKnownFileType = text.plist.xml; path = Info.plist; sourceTree = "<group>"; };
		78FD6C251B55FC9300AA3875 /* AppDelegate.swift */ = {isa = PBXFileReference; lastKnownFileType = sourcecode.swift; path = AppDelegate.swift; sourceTree = "<group>"; };
		78FD6C281B55FC9300AA3875 /* Avetuc.xcdatamodel */ = {isa = PBXFileReference; lastKnownFileType = wrapper.xcdatamodel; path = Avetuc.xcdatamodel; sourceTree = "<group>"; };
		78FD6C2F1B55FC9300AA3875 /* Images.xcassets */ = {isa = PBXFileReference; lastKnownFileType = folder.assetcatalog; path = Images.xcassets; sourceTree = "<group>"; };
		78FD6C321B55FC9300AA3875 /* Base */ = {isa = PBXFileReference; lastKnownFileType = file.xib; name = Base; path = Base.lproj/LaunchScreen.xib; sourceTree = "<group>"; };
		78FD6C381B55FC9300AA3875 /* AvetucTests.xctest */ = {isa = PBXFileReference; explicitFileType = wrapper.cfbundle; includeInIndex = 0; path = AvetucTests.xctest; sourceTree = BUILT_PRODUCTS_DIR; };
		78FD6C3D1B55FC9300AA3875 /* Info.plist */ = {isa = PBXFileReference; lastKnownFileType = text.plist.xml; path = Info.plist; sourceTree = "<group>"; };
		78FD6C3E1B55FC9300AA3875 /* AvetucTests.swift */ = {isa = PBXFileReference; lastKnownFileType = sourcecode.swift; path = AvetucTests.swift; sourceTree = "<group>"; };
		78FD6C481B55FE1800AA3875 /* Utilities.swift */ = {isa = PBXFileReference; fileEncoding = 4; lastKnownFileType = sourcecode.swift; path = Utilities.swift; sourceTree = "<group>"; };
		78FD6C4A1B55FE2B00AA3875 /* RootViewController.swift */ = {isa = PBXFileReference; fileEncoding = 4; lastKnownFileType = sourcecode.swift; path = RootViewController.swift; sourceTree = "<group>"; };
		78FD6C501B55FED000AA3875 /* Actions.swift */ = {isa = PBXFileReference; fileEncoding = 4; lastKnownFileType = sourcecode.swift; path = Actions.swift; sourceTree = "<group>"; };
		78FD6C531B55FEFC00AA3875 /* AccountApiData.swift */ = {isa = PBXFileReference; fileEncoding = 4; lastKnownFileType = sourcecode.swift; path = AccountApiData.swift; sourceTree = "<group>"; };
		78FD6C5A1B55FF5700AA3875 /* Dispatcher.swift */ = {isa = PBXFileReference; fileEncoding = 4; lastKnownFileType = sourcecode.swift; path = Dispatcher.swift; sourceTree = "<group>"; };
		78FD6C5C1B55FFA100AA3875 /* LocalStorageService.swift */ = {isa = PBXFileReference; fileEncoding = 4; lastKnownFileType = sourcecode.swift; path = LocalStorageService.swift; sourceTree = "<group>"; };
		78FD6C631B56000000AA3875 /* TwitterApiService.swift */ = {isa = PBXFileReference; fileEncoding = 4; lastKnownFileType = sourcecode.swift; path = TwitterApiService.swift; sourceTree = "<group>"; };
		78FD6C651B56001F00AA3875 /* Config.swift */ = {isa = PBXFileReference; fileEncoding = 4; lastKnownFileType = sourcecode.swift; path = Config.swift; sourceTree = "<group>"; };
		78FD6C671B56003500AA3875 /* TwitterApiClient.swift */ = {isa = PBXFileReference; fileEncoding = 4; lastKnownFileType = sourcecode.swift; path = TwitterApiClient.swift; sourceTree = "<group>"; };
		78FD6C691B56008100AA3875 /* Request+Extension.swift */ = {isa = PBXFileReference; fileEncoding = 4; lastKnownFileType = sourcecode.swift; path = "Request+Extension.swift"; sourceTree = "<group>"; };
		78FD6C6B1B5600A100AA3875 /* TwitterApiEndpoint.swift */ = {isa = PBXFileReference; fileEncoding = 4; lastKnownFileType = sourcecode.swift; path = TwitterApiEndpoint.swift; sourceTree = "<group>"; };
		78FD6C6D1B5600B000AA3875 /* TwitterApiParam.swift */ = {isa = PBXFileReference; fileEncoding = 4; lastKnownFileType = sourcecode.swift; path = TwitterApiParam.swift; sourceTree = "<group>"; };
		78FD6C711B5600DC00AA3875 /* TwitterApiUtils.swift */ = {isa = PBXFileReference; fileEncoding = 4; lastKnownFileType = sourcecode.swift; path = TwitterApiUtils.swift; sourceTree = "<group>"; };
		78FD6C751B56011800AA3875 /* TimestampUtility.swift */ = {isa = PBXFileReference; fileEncoding = 4; lastKnownFileType = sourcecode.swift; path = TimestampUtility.swift; sourceTree = "<group>"; };
		78FD6C771B56015A00AA3875 /* Avetuc-Bridging-Header.h */ = {isa = PBXFileReference; lastKnownFileType = sourcecode.c.h; path = "Avetuc-Bridging-Header.h"; sourceTree = "<group>"; };
		78FD6C7A1B56018900AA3875 /* AccountsStore.swift */ = {isa = PBXFileReference; fileEncoding = 4; lastKnownFileType = sourcecode.swift; path = AccountsStore.swift; sourceTree = "<group>"; };
		78FD6C7D1B5601B500AA3875 /* FriendsViewController.swift */ = {isa = PBXFileReference; fileEncoding = 4; lastKnownFileType = sourcecode.swift; path = FriendsViewController.swift; sourceTree = "<group>"; };
		78FD6C7F1B5601D500AA3875 /* IntroViewController.swift */ = {isa = PBXFileReference; fileEncoding = 4; lastKnownFileType = sourcecode.swift; path = IntroViewController.swift; sourceTree = "<group>"; };
		78FD6C811B5601E400AA3875 /* IntroView.swift */ = {isa = PBXFileReference; fileEncoding = 4; lastKnownFileType = sourcecode.swift; path = IntroView.swift; sourceTree = "<group>"; };
		84AE55537037288AF826D948 /* Pods.framework */ = {isa = PBXFileReference; explicitFileType = wrapper.framework; includeInIndex = 0; path = Pods.framework; sourceTree = BUILT_PRODUCTS_DIR; };
		A6979D922A0AA266349DCBD6 /* Pods.release.xcconfig */ = {isa = PBXFileReference; includeInIndex = 1; lastKnownFileType = text.xcconfig; name = Pods.release.xcconfig; path = "Pods/Target Support Files/Pods/Pods.release.xcconfig"; sourceTree = "<group>"; };
/* End PBXFileReference section */

/* Begin PBXFrameworksBuildPhase section */
		78FD6C1D1B55FC9300AA3875 /* Frameworks */ = {
			isa = PBXFrameworksBuildPhase;
			buildActionMask = 2147483647;
			files = (
				8D96051C56640C1CDFE78EE0 /* Pods.framework in Frameworks */,
			);
			runOnlyForDeploymentPostprocessing = 0;
		};
		78FD6C351B55FC9300AA3875 /* Frameworks */ = {
			isa = PBXFrameworksBuildPhase;
			buildActionMask = 2147483647;
			files = (
			);
			runOnlyForDeploymentPostprocessing = 0;
		};
/* End PBXFrameworksBuildPhase section */

/* Begin PBXGroup section */
		288AECAE7D0721E49BE8D438 /* Pods */ = {
			isa = PBXGroup;
			children = (
				1081824BEB9FCB5522FE66AF /* Pods.debug.xcconfig */,
				A6979D922A0AA266349DCBD6 /* Pods.release.xcconfig */,
			);
			name = Pods;
			sourceTree = "<group>";
		};
		36552AE3FEC07D455F1AE10C /* Frameworks */ = {
			isa = PBXGroup;
			children = (
				84AE55537037288AF826D948 /* Pods.framework */,
			);
			name = Frameworks;
			sourceTree = "<group>";
		};
		7826CD2A1B60A0DC00B7DBD1 /* Utilities */ = {
			isa = PBXGroup;
			children = (
				786E70CC1B56195500B78FFE /* StoreEvent.swift */,
				7826CD281B60A0D300B7DBD1 /* StoreUtilities.swift */,
			);
			name = Utilities;
			sourceTree = "<group>";
		};
		784B5FA51B5C3859006F1300 /* TweetCell */ = {
			isa = PBXGroup;
			children = (
				784B5FA31B5C3855006F1300 /* TweetCell.swift */,
				784B5FDE1B5C96EF006F1300 /* TweetTextView.swift */,
				784B5FDC1B5C7BDE006F1300 /* UserNameLabel.swift */,
				784B5FD81B5C7AE2006F1300 /* UnreadIndicatorView.swift */,
				784B5FDA1B5C7B6F006F1300 /* TimestampView.swift */,
				784B5FA61B5C592F006F1300 /* ImageBoxView.swift */,
			);
			name = TweetCell;
			sourceTree = "<group>";
		};
		786E70CB1B5617DE00B78FFE /* Dispatcher */ = {
			isa = PBXGroup;
			children = (
				78FD6C5A1B55FF5700AA3875 /* Dispatcher.swift */,
			);
			name = Dispatcher;
			sourceTree = "<group>";
		};
		788A57641B5F111A00AF91B9 /* Data */ = {
			isa = PBXGroup;
			children = (
				788A57621B5F111600AF91B9 /* Account.swift */,
				78E2517A1B5F49DD00E7E5FC /* User.swift */,
				788ABF2B1B5F57F900E3540F /* Tweet.swift */,
				7826CD221B608ABC00B7DBD1 /* Media.swift */,
				7826CD241B608BB700B7DBD1 /* ExtendedMedia.swift */,
				7826CD201B6087B600B7DBD1 /* Size.swift */,
			);
			name = Data;
			sourceTree = "<group>";
		};
		78CF9F631B5B76E100DE9D9E /* FriendCell */ = {
			isa = PBXGroup;
			children = (
				78CF9F571B5B614100DE9D9E /* FriendCell.swift */,
				78CF9F5D1B5B704B00DE9D9E /* FriendCellNameLabel.swift */,
				78CF9F5F1B5B710D00DE9D9E /* FriendCellScreenNameLabel.swift */,
				78CF9F611B5B725300DE9D9E /* FriendCellUnreadCountView.swift */,
			);
			name = FriendCell;
			sourceTree = "<group>";
		};
		78FD6C171B55FC9300AA3875 = {
			isa = PBXGroup;
			children = (
				78FD6C221B55FC9300AA3875 /* Avetuc */,
				78FD6C3B1B55FC9300AA3875 /* AvetucTests */,
				78FD6C211B55FC9300AA3875 /* Products */,
				288AECAE7D0721E49BE8D438 /* Pods */,
				36552AE3FEC07D455F1AE10C /* Frameworks */,
			);
			sourceTree = "<group>";
		};
		78FD6C211B55FC9300AA3875 /* Products */ = {
			isa = PBXGroup;
			children = (
				78FD6C201B55FC9300AA3875 /* Avetuc.app */,
				78FD6C381B55FC9300AA3875 /* AvetucTests.xctest */,
			);
			name = Products;
			sourceTree = "<group>";
		};
		78FD6C221B55FC9300AA3875 /* Avetuc */ = {
			isa = PBXGroup;
			children = (
				78FD6C651B56001F00AA3875 /* Config.swift */,
				78FD6C4C1B55FE5900AA3875 /* UI */,
				78FD6C521B55FED400AA3875 /* Actions */,
				78FD6C581B55FF2500AA3875 /* Services */,
				78FD6C601B55FFBF00AA3875 /* Models */,
				786E70CB1B5617DE00B78FFE /* Dispatcher */,
				78FD6C7C1B56018B00AA3875 /* Store */,
				78FD6C231B55FC9300AA3875 /* Supporting Files */,
			);
			path = Avetuc;
			sourceTree = "<group>";
		};
		78FD6C231B55FC9300AA3875 /* Supporting Files */ = {
			isa = PBXGroup;
			children = (
				78FD6C771B56015A00AA3875 /* Avetuc-Bridging-Header.h */,
				78FD6C2F1B55FC9300AA3875 /* Images.xcassets */,
				78FD6C311B55FC9300AA3875 /* LaunchScreen.xib */,
				78FD6C271B55FC9300AA3875 /* Avetuc.xcdatamodeld */,
				78FD6C241B55FC9300AA3875 /* Info.plist */,
			);
			name = "Supporting Files";
			sourceTree = "<group>";
		};
		78FD6C3B1B55FC9300AA3875 /* AvetucTests */ = {
			isa = PBXGroup;
			children = (
				78FD6C3E1B55FC9300AA3875 /* AvetucTests.swift */,
				78FD6C3C1B55FC9300AA3875 /* Supporting Files */,
			);
			path = AvetucTests;
			sourceTree = "<group>";
		};
		78FD6C3C1B55FC9300AA3875 /* Supporting Files */ = {
			isa = PBXGroup;
			children = (
				78FD6C3D1B55FC9300AA3875 /* Info.plist */,
			);
			name = "Supporting Files";
			sourceTree = "<group>";
		};
		78FD6C4C1B55FE5900AA3875 /* UI */ = {
			isa = PBXGroup;
			children = (
				78FD6C251B55FC9300AA3875 /* AppDelegate.swift */,
				78FD6C4A1B55FE2B00AA3875 /* RootViewController.swift */,
				78FD6C7F1B5601D500AA3875 /* IntroViewController.swift */,
				78FD6C7D1B5601B500AA3875 /* FriendsViewController.swift */,
				784B5FA11B5C379F006F1300 /* TweetsViewController.swift */,
				78FD6C831B5601E800AA3875 /* Views */,
				78FD6C4D1B55FE6A00AA3875 /* Utilities */,
			);
			name = UI;
			sourceTree = "<group>";
		};
		78FD6C4D1B55FE6A00AA3875 /* Utilities */ = {
			isa = PBXGroup;
			children = (
				78FD6C481B55FE1800AA3875 /* Utilities.swift */,
				78CF9F591B5B61AB00DE9D9E /* UIColor+Extension.swift */,
			);
			name = Utilities;
			sourceTree = "<group>";
		};
		78FD6C521B55FED400AA3875 /* Actions */ = {
			isa = PBXGroup;
			children = (
				78FD6C501B55FED000AA3875 /* Actions.swift */,
			);
			name = Actions;
			sourceTree = "<group>";
		};
		78FD6C551B55FEFF00AA3875 /* Data */ = {
			isa = PBXGroup;
			children = (
				78BD38331B5AF1AA00FA060B /* OauthRequestTokenData.swift */,
				78FD6C531B55FEFC00AA3875 /* AccountApiData.swift */,
				786E70C71B560F7D00B78FFE /* OauthCallbackData.swift */,
				7834C9711B58B573004029C3 /* FriendsIdsData.swift */,
				7834C9671B589577004029C3 /* UserApiData.swift */,
				788A57651B5F12B700AF91B9 /* UserEntities.swift */,
				788A57671B5F147B00AF91B9 /* UserEntity.swift */,
				780AA6DC1B5BF81100D0A622 /* TweetApiData.swift */,
				788ABF391B5FCBC000E3540F /* RetweetedStatus.swift */,
				788ABF2D1B5FC2B400E3540F /* Coordinates.swift */,
				788ABF2F1B5FC3F700E3540F /* Place.swift */,
				78EF90241B5DF9B2007F8D99 /* Entities.swift */,
				788ABF371B5FC7FF00E3540F /* ExtendedEntities.swift */,
				78EF90221B5DF98C007F8D99 /* Hashtag.swift */,
				78EF90261B5DFB89007F8D99 /* UserMention.swift */,
				78EF90281B5DFBA0007F8D99 /* Url.swift */,
				78EF902A1B5DFBB0007F8D99 /* MediaApiData.swift */,
				788ABF311B5FC53E00E3540F /* ExtendedMediaApiData.swift */,
				78EF902C1B5DFDBD007F8D99 /* SizeApiData.swift */,
				78EF902E1B5DFE30007F8D99 /* SizeDetail.swift */,
				788ABF331B5FC5C700E3540F /* VideoInfo.swift */,
				788ABF351B5FC66300E3540F /* VideoInfoVariant.swift */,
			);
			name = Data;
			sourceTree = "<group>";
		};
		78FD6C581B55FF2500AA3875 /* Services */ = {
			isa = PBXGroup;
			children = (
				78FD6C631B56000000AA3875 /* TwitterApiService.swift */,
				78FD6C5C1B55FFA100AA3875 /* LocalStorageService.swift */,
				78FD6C551B55FEFF00AA3875 /* Data */,
				78FD6C591B55FF3300AA3875 /* Utilities */,
			);
			name = Services;
			sourceTree = "<group>";
		};
		78FD6C591B55FF3300AA3875 /* Utilities */ = {
			isa = PBXGroup;
			children = (
				78BD38311B5AF00900FA060B /* TwitterApi.swift */,
				78FD6C671B56003500AA3875 /* TwitterApiClient.swift */,
				78FD6C6B1B5600A100AA3875 /* TwitterApiEndpoint.swift */,
				78FD6C6D1B5600B000AA3875 /* TwitterApiParam.swift */,
				78FD6C711B5600DC00AA3875 /* TwitterApiUtils.swift */,
				784B5F9F1B5C1D0D006F1300 /* TwitterApiServiceUtilities.swift */,
				78FD6C691B56008100AA3875 /* Request+Extension.swift */,
			);
			name = Utilities;
			sourceTree = "<group>";
		};
		78FD6C601B55FFBF00AA3875 /* Models */ = {
			isa = PBXGroup;
			children = (
				7834C96D1B58A423004029C3 /* AccountModel.swift */,
				7834C96F1B58A423004029C3 /* UserModel.swift */,
				78B4DA2C1B5BFD19008CBD37 /* TweetModel.swift */,
				788ABF3F1B60765800E3540F /* HashtagEntityModel.swift */,
				788ABF3B1B60763500E3540F /* UrlEntityModel.swift */,
				788ABF3D1B60764D00E3540F /* UserMentionEntityModel.swift */,
				788ABF411B60769C00E3540F /* MediaEntityModel.swift */,
				788ABF431B6076B500E3540F /* ExtendedMediaEntityModel.swift */,
				788ABF451B6076D000E3540F /* SizeModel.swift */,
				788A57641B5F111A00AF91B9 /* Data */,
			);
			name = Models;
			sourceTree = "<group>";
		};
		78FD6C7C1B56018B00AA3875 /* Store */ = {
			isa = PBXGroup;
			children = (
				78FD6C7A1B56018900AA3875 /* AccountsStore.swift */,
				7834C96B1B5898A7004029C3 /* FriendsStore.swift */,
				784B5FA81B5C5CC7006F1300 /* TweetsStore.swift */,
				7826CD2A1B60A0DC00B7DBD1 /* Utilities */,
			);
			name = Store;
			sourceTree = "<group>";
		};
		78FD6C831B5601E800AA3875 /* Views */ = {
			isa = PBXGroup;
			children = (
				78FD6C811B5601E400AA3875 /* IntroView.swift */,
				78CF9F5B1B5B632D00DE9D9E /* ProfileImageView.swift */,
				78FD6C751B56011800AA3875 /* TimestampUtility.swift */,
				78CF9F631B5B76E100DE9D9E /* FriendCell */,
				784B5FA51B5C3859006F1300 /* TweetCell */,
			);
			name = Views;
			sourceTree = "<group>";
		};
/* End PBXGroup section */

/* Begin PBXNativeTarget section */
		78FD6C1F1B55FC9300AA3875 /* Avetuc */ = {
			isa = PBXNativeTarget;
			buildConfigurationList = 78FD6C421B55FC9300AA3875 /* Build configuration list for PBXNativeTarget "Avetuc" */;
			buildPhases = (
				299597F0D289AAA5FBBBD773 /* Check Pods Manifest.lock */,
				78FD6C1C1B55FC9300AA3875 /* Sources */,
				78FD6C1D1B55FC9300AA3875 /* Frameworks */,
				78FD6C1E1B55FC9300AA3875 /* Resources */,
				5395733C53358737D64800A2 /* Embed Pods Frameworks */,
				7519664E4587D15BAA8CBF1F /* Copy Pods Resources */,
			);
			buildRules = (
			);
			dependencies = (
			);
			name = Avetuc;
			productName = Avetuc;
			productReference = 78FD6C201B55FC9300AA3875 /* Avetuc.app */;
			productType = "com.apple.product-type.application";
		};
		78FD6C371B55FC9300AA3875 /* AvetucTests */ = {
			isa = PBXNativeTarget;
			buildConfigurationList = 78FD6C451B55FC9300AA3875 /* Build configuration list for PBXNativeTarget "AvetucTests" */;
			buildPhases = (
				78FD6C341B55FC9300AA3875 /* Sources */,
				78FD6C351B55FC9300AA3875 /* Frameworks */,
				78FD6C361B55FC9300AA3875 /* Resources */,
			);
			buildRules = (
			);
			dependencies = (
				78FD6C3A1B55FC9300AA3875 /* PBXTargetDependency */,
			);
			name = AvetucTests;
			productName = AvetucTests;
			productReference = 78FD6C381B55FC9300AA3875 /* AvetucTests.xctest */;
			productType = "com.apple.product-type.bundle.unit-test";
		};
/* End PBXNativeTarget section */

/* Begin PBXProject section */
		78FD6C181B55FC9300AA3875 /* Project object */ = {
			isa = PBXProject;
			attributes = {
				LastUpgradeCheck = 0640;
				ORGANIZATIONNAME = "Daiwei Lu";
				TargetAttributes = {
					78FD6C1F1B55FC9300AA3875 = {
						CreatedOnToolsVersion = 6.4;
					};
					78FD6C371B55FC9300AA3875 = {
						CreatedOnToolsVersion = 6.4;
						TestTargetID = 78FD6C1F1B55FC9300AA3875;
					};
				};
			};
			buildConfigurationList = 78FD6C1B1B55FC9300AA3875 /* Build configuration list for PBXProject "Avetuc" */;
			compatibilityVersion = "Xcode 3.2";
			developmentRegion = English;
			hasScannedForEncodings = 0;
			knownRegions = (
				en,
				Base,
			);
			mainGroup = 78FD6C171B55FC9300AA3875;
			productRefGroup = 78FD6C211B55FC9300AA3875 /* Products */;
			projectDirPath = "";
			projectRoot = "";
			targets = (
				78FD6C1F1B55FC9300AA3875 /* Avetuc */,
				78FD6C371B55FC9300AA3875 /* AvetucTests */,
			);
		};
/* End PBXProject section */

/* Begin PBXResourcesBuildPhase section */
		78FD6C1E1B55FC9300AA3875 /* Resources */ = {
			isa = PBXResourcesBuildPhase;
			buildActionMask = 2147483647;
			files = (
				78FD6C331B55FC9300AA3875 /* LaunchScreen.xib in Resources */,
				78FD6C301B55FC9300AA3875 /* Images.xcassets in Resources */,
			);
			runOnlyForDeploymentPostprocessing = 0;
		};
		78FD6C361B55FC9300AA3875 /* Resources */ = {
			isa = PBXResourcesBuildPhase;
			buildActionMask = 2147483647;
			files = (
			);
			runOnlyForDeploymentPostprocessing = 0;
		};
/* End PBXResourcesBuildPhase section */

/* Begin PBXShellScriptBuildPhase section */
		299597F0D289AAA5FBBBD773 /* Check Pods Manifest.lock */ = {
			isa = PBXShellScriptBuildPhase;
			buildActionMask = 2147483647;
			files = (
			);
			inputPaths = (
			);
			name = "Check Pods Manifest.lock";
			outputPaths = (
			);
			runOnlyForDeploymentPostprocessing = 0;
			shellPath = /bin/sh;
			shellScript = "diff \"${PODS_ROOT}/../Podfile.lock\" \"${PODS_ROOT}/Manifest.lock\" > /dev/null\nif [[ $? != 0 ]] ; then\n    cat << EOM\nerror: The sandbox is not in sync with the Podfile.lock. Run 'pod install' or update your CocoaPods installation.\nEOM\n    exit 1\nfi\n";
			showEnvVarsInLog = 0;
		};
		5395733C53358737D64800A2 /* Embed Pods Frameworks */ = {
			isa = PBXShellScriptBuildPhase;
			buildActionMask = 2147483647;
			files = (
			);
			inputPaths = (
			);
			name = "Embed Pods Frameworks";
			outputPaths = (
			);
			runOnlyForDeploymentPostprocessing = 0;
			shellPath = /bin/sh;
			shellScript = "\"${SRCROOT}/Pods/Target Support Files/Pods/Pods-frameworks.sh\"\n";
			showEnvVarsInLog = 0;
		};
		7519664E4587D15BAA8CBF1F /* Copy Pods Resources */ = {
			isa = PBXShellScriptBuildPhase;
			buildActionMask = 2147483647;
			files = (
			);
			inputPaths = (
			);
			name = "Copy Pods Resources";
			outputPaths = (
			);
			runOnlyForDeploymentPostprocessing = 0;
			shellPath = /bin/sh;
			shellScript = "\"${SRCROOT}/Pods/Target Support Files/Pods/Pods-resources.sh\"\n";
			showEnvVarsInLog = 0;
		};
/* End PBXShellScriptBuildPhase section */

/* Begin PBXSourcesBuildPhase section */
		78FD6C1C1B55FC9300AA3875 /* Sources */ = {
			isa = PBXSourcesBuildPhase;
			buildActionMask = 2147483647;
			files = (
				780AA6DD1B5BF81100D0A622 /* TweetApiData.swift in Sources */,
				788ABF321B5FC53E00E3540F /* ExtendedMediaApiData.swift in Sources */,
				78BD38321B5AF00900FA060B /* TwitterApi.swift in Sources */,
				7826CD251B608BB700B7DBD1 /* ExtendedMedia.swift in Sources */,
				78FD6C511B55FED000AA3875 /* Actions.swift in Sources */,
				78EF90251B5DF9B2007F8D99 /* Entities.swift in Sources */,
				784B5FDF1B5C96EF006F1300 /* TweetTextView.swift in Sources */,
				7834C9681B589577004029C3 /* UserApiData.swift in Sources */,
				78CF9F621B5B725300DE9D9E /* FriendCellUnreadCountView.swift in Sources */,
				78FD6C6C1B5600A100AA3875 /* TwitterApiEndpoint.swift in Sources */,
				788ABF401B60765800E3540F /* HashtagEntityModel.swift in Sources */,
				78CF9F601B5B710D00DE9D9E /* FriendCellScreenNameLabel.swift in Sources */,
				788ABF361B5FC66300E3540F /* VideoInfoVariant.swift in Sources */,
				788A57661B5F12B700AF91B9 /* UserEntities.swift in Sources */,
				784B5FA91B5C5CC7006F1300 /* TweetsStore.swift in Sources */,
				78FD6C5D1B55FFA100AA3875 /* LocalStorageService.swift in Sources */,
				78EF902D1B5DFDBD007F8D99 /* SizeApiData.swift in Sources */,
				7834C9701B58A423004029C3 /* UserModel.swift in Sources */,
				788A57631B5F111600AF91B9 /* Account.swift in Sources */,
				788ABF381B5FC7FF00E3540F /* ExtendedEntities.swift in Sources */,
				78BD38341B5AF1AA00FA060B /* OauthRequestTokenData.swift in Sources */,
				7834C96C1B5898A7004029C3 /* FriendsStore.swift in Sources */,
				78FD6C541B55FEFC00AA3875 /* AccountApiData.swift in Sources */,
				784B5FA01B5C1D0D006F1300 /* TwitterApiServiceUtilities.swift in Sources */,
				78EF90291B5DFBA0007F8D99 /* Url.swift in Sources */,
				784B5FDD1B5C7BDE006F1300 /* UserNameLabel.swift in Sources */,
				78FD6C5B1B55FF5700AA3875 /* Dispatcher.swift in Sources */,
				788ABF3A1B5FCBC000E3540F /* RetweetedStatus.swift in Sources */,
				786E70C81B560F7D00B78FFE /* OauthCallbackData.swift in Sources */,
				784B5FA41B5C3855006F1300 /* TweetCell.swift in Sources */,
				7826CD231B608ABC00B7DBD1 /* Media.swift in Sources */,
				78FD6C761B56011800AA3875 /* TimestampUtility.swift in Sources */,
				78E2517B1B5F49DD00E7E5FC /* User.swift in Sources */,
				788A57681B5F147B00AF91B9 /* UserEntity.swift in Sources */,
				78FD6C681B56003500AA3875 /* TwitterApiClient.swift in Sources */,
				78FD6C641B56000000AA3875 /* TwitterApiService.swift in Sources */,
				786E70CD1B56195500B78FFE /* StoreEvent.swift in Sources */,
				788ABF421B60769C00E3540F /* MediaEntityModel.swift in Sources */,
				78FD6C261B55FC9300AA3875 /* AppDelegate.swift in Sources */,
				788ABF3C1B60763500E3540F /* UrlEntityModel.swift in Sources */,
				788ABF2E1B5FC2B400E3540F /* Coordinates.swift in Sources */,
				78FD6C661B56001F00AA3875 /* Config.swift in Sources */,
				78EF90231B5DF98C007F8D99 /* Hashtag.swift in Sources */,
				78FD6C721B5600DC00AA3875 /* TwitterApiUtils.swift in Sources */,
				78FD6C6E1B5600B000AA3875 /* TwitterApiParam.swift in Sources */,
				78FD6C801B5601D500AA3875 /* IntroViewController.swift in Sources */,
				78EF902B1B5DFBB0007F8D99 /* MediaApiData.swift in Sources */,
				78CF9F5A1B5B61AB00DE9D9E /* UIColor+Extension.swift in Sources */,
				7834C9721B58B573004029C3 /* FriendsIdsData.swift in Sources */,
				788ABF441B6076B500E3540F /* ExtendedMediaEntityModel.swift in Sources */,
				78CF9F581B5B614100DE9D9E /* FriendCell.swift in Sources */,
				784B5FA21B5C379F006F1300 /* TweetsViewController.swift in Sources */,
				784B5FD91B5C7AE2006F1300 /* UnreadIndicatorView.swift in Sources */,
				788ABF341B5FC5C700E3540F /* VideoInfo.swift in Sources */,
				784B5FA71B5C592F006F1300 /* ImageBoxView.swift in Sources */,
				78EF90271B5DFB89007F8D99 /* UserMention.swift in Sources */,
				78EF902F1B5DFE30007F8D99 /* SizeDetail.swift in Sources */,
				788ABF301B5FC3F700E3540F /* Place.swift in Sources */,
				7834C96E1B58A423004029C3 /* AccountModel.swift in Sources */,
				7826CD211B6087B600B7DBD1 /* Size.swift in Sources */,
				78FD6C7E1B5601B500AA3875 /* FriendsViewController.swift in Sources */,
				78CF9F5C1B5B632D00DE9D9E /* ProfileImageView.swift in Sources */,
				78B4DA2D1B5BFD19008CBD37 /* TweetModel.swift in Sources */,
				788ABF461B6076D000E3540F /* SizeModel.swift in Sources */,
				788ABF3E1B60764D00E3540F /* UserMentionEntityModel.swift in Sources */,
				78FD6C821B5601E500AA3875 /* IntroView.swift in Sources */,
				788ABF2C1B5F57F900E3540F /* Tweet.swift in Sources */,
				784B5FDB1B5C7B6F006F1300 /* TimestampView.swift in Sources */,
				78CF9F5E1B5B704B00DE9D9E /* FriendCellNameLabel.swift in Sources */,
				78FD6C491B55FE1800AA3875 /* Utilities.swift in Sources */,
				78FD6C7B1B56018900AA3875 /* AccountsStore.swift in Sources */,
				78FD6C4B1B55FE2B00AA3875 /* RootViewController.swift in Sources */,
				78FD6C291B55FC9300AA3875 /* Avetuc.xcdatamodeld in Sources */,
				78FD6C6A1B56008100AA3875 /* Request+Extension.swift in Sources */,
				7826CD291B60A0D300B7DBD1 /* StoreUtilities.swift in Sources */,
			);
			runOnlyForDeploymentPostprocessing = 0;
		};
		78FD6C341B55FC9300AA3875 /* Sources */ = {
			isa = PBXSourcesBuildPhase;
			buildActionMask = 2147483647;
			files = (
				78FD6C3F1B55FC9300AA3875 /* AvetucTests.swift in Sources */,
			);
			runOnlyForDeploymentPostprocessing = 0;
		};
/* End PBXSourcesBuildPhase section */

/* Begin PBXTargetDependency section */
		78FD6C3A1B55FC9300AA3875 /* PBXTargetDependency */ = {
			isa = PBXTargetDependency;
			target = 78FD6C1F1B55FC9300AA3875 /* Avetuc */;
			targetProxy = 78FD6C391B55FC9300AA3875 /* PBXContainerItemProxy */;
		};
/* End PBXTargetDependency section */

/* Begin PBXVariantGroup section */
		78FD6C311B55FC9300AA3875 /* LaunchScreen.xib */ = {
			isa = PBXVariantGroup;
			children = (
				78FD6C321B55FC9300AA3875 /* Base */,
			);
			name = LaunchScreen.xib;
			sourceTree = "<group>";
		};
/* End PBXVariantGroup section */

/* Begin XCBuildConfiguration section */
		78FD6C401B55FC9300AA3875 /* Debug */ = {
			isa = XCBuildConfiguration;
			buildSettings = {
				ALWAYS_SEARCH_USER_PATHS = NO;
				CLANG_CXX_LANGUAGE_STANDARD = "gnu++0x";
				CLANG_CXX_LIBRARY = "libc++";
				CLANG_ENABLE_MODULES = YES;
				CLANG_ENABLE_OBJC_ARC = YES;
				CLANG_WARN_BOOL_CONVERSION = YES;
				CLANG_WARN_CONSTANT_CONVERSION = YES;
				CLANG_WARN_DIRECT_OBJC_ISA_USAGE = YES_ERROR;
				CLANG_WARN_EMPTY_BODY = YES;
				CLANG_WARN_ENUM_CONVERSION = YES;
				CLANG_WARN_INT_CONVERSION = YES;
				CLANG_WARN_OBJC_ROOT_CLASS = YES_ERROR;
				CLANG_WARN_UNREACHABLE_CODE = YES;
				CLANG_WARN__DUPLICATE_METHOD_MATCH = YES;
				"CODE_SIGN_IDENTITY[sdk=iphoneos*]" = "iPhone Developer";
				COPY_PHASE_STRIP = NO;
				DEBUG_INFORMATION_FORMAT = "dwarf-with-dsym";
				ENABLE_STRICT_OBJC_MSGSEND = YES;
				GCC_C_LANGUAGE_STANDARD = gnu99;
				GCC_DYNAMIC_NO_PIC = NO;
				GCC_NO_COMMON_BLOCKS = YES;
				GCC_OPTIMIZATION_LEVEL = 0;
				GCC_PREPROCESSOR_DEFINITIONS = (
					"DEBUG=1",
					"$(inherited)",
				);
				GCC_SYMBOLS_PRIVATE_EXTERN = NO;
				GCC_WARN_64_TO_32_BIT_CONVERSION = YES;
				GCC_WARN_ABOUT_RETURN_TYPE = YES_ERROR;
				GCC_WARN_UNDECLARED_SELECTOR = YES;
				GCC_WARN_UNINITIALIZED_AUTOS = YES_AGGRESSIVE;
				GCC_WARN_UNUSED_FUNCTION = YES;
				GCC_WARN_UNUSED_VARIABLE = YES;
				IPHONEOS_DEPLOYMENT_TARGET = 8.4;
				MTL_ENABLE_DEBUG_INFO = YES;
				ONLY_ACTIVE_ARCH = YES;
				SDKROOT = iphoneos;
				SWIFT_OPTIMIZATION_LEVEL = "-Onone";
			};
			name = Debug;
		};
		78FD6C411B55FC9300AA3875 /* Release */ = {
			isa = XCBuildConfiguration;
			buildSettings = {
				ALWAYS_SEARCH_USER_PATHS = NO;
				CLANG_CXX_LANGUAGE_STANDARD = "gnu++0x";
				CLANG_CXX_LIBRARY = "libc++";
				CLANG_ENABLE_MODULES = YES;
				CLANG_ENABLE_OBJC_ARC = YES;
				CLANG_WARN_BOOL_CONVERSION = YES;
				CLANG_WARN_CONSTANT_CONVERSION = YES;
				CLANG_WARN_DIRECT_OBJC_ISA_USAGE = YES_ERROR;
				CLANG_WARN_EMPTY_BODY = YES;
				CLANG_WARN_ENUM_CONVERSION = YES;
				CLANG_WARN_INT_CONVERSION = YES;
				CLANG_WARN_OBJC_ROOT_CLASS = YES_ERROR;
				CLANG_WARN_UNREACHABLE_CODE = YES;
				CLANG_WARN__DUPLICATE_METHOD_MATCH = YES;
				"CODE_SIGN_IDENTITY[sdk=iphoneos*]" = "iPhone Developer";
				COPY_PHASE_STRIP = NO;
				DEBUG_INFORMATION_FORMAT = "dwarf-with-dsym";
				ENABLE_NS_ASSERTIONS = NO;
				ENABLE_STRICT_OBJC_MSGSEND = YES;
				GCC_C_LANGUAGE_STANDARD = gnu99;
				GCC_NO_COMMON_BLOCKS = YES;
				GCC_WARN_64_TO_32_BIT_CONVERSION = YES;
				GCC_WARN_ABOUT_RETURN_TYPE = YES_ERROR;
				GCC_WARN_UNDECLARED_SELECTOR = YES;
				GCC_WARN_UNINITIALIZED_AUTOS = YES_AGGRESSIVE;
				GCC_WARN_UNUSED_FUNCTION = YES;
				GCC_WARN_UNUSED_VARIABLE = YES;
				IPHONEOS_DEPLOYMENT_TARGET = 8.4;
				MTL_ENABLE_DEBUG_INFO = NO;
				SDKROOT = iphoneos;
				VALIDATE_PRODUCT = YES;
			};
			name = Release;
		};
		78FD6C431B55FC9300AA3875 /* Debug */ = {
			isa = XCBuildConfiguration;
			baseConfigurationReference = 1081824BEB9FCB5522FE66AF /* Pods.debug.xcconfig */;
			buildSettings = {
				ASSETCATALOG_COMPILER_APPICON_NAME = AppIcon;
				CLANG_ENABLE_MODULES = YES;
				CODE_SIGN_IDENTITY = "iPhone Developer";
				INFOPLIST_FILE = Avetuc/Info.plist;
				IPHONEOS_DEPLOYMENT_TARGET = 8.3;
				LD_RUNPATH_SEARCH_PATHS = "$(inherited) @executable_path/Frameworks";
				PRODUCT_NAME = "$(TARGET_NAME)";
				SWIFT_OBJC_BRIDGING_HEADER = "Avetuc/Avetuc-Bridging-Header.h";
				SWIFT_OPTIMIZATION_LEVEL = "-Ounchecked";
			};
			name = Debug;
		};
		78FD6C441B55FC9300AA3875 /* Release */ = {
			isa = XCBuildConfiguration;
			baseConfigurationReference = A6979D922A0AA266349DCBD6 /* Pods.release.xcconfig */;
			buildSettings = {
				ASSETCATALOG_COMPILER_APPICON_NAME = AppIcon;
				CLANG_ENABLE_MODULES = YES;
				CODE_SIGN_IDENTITY = "iPhone Developer";
				INFOPLIST_FILE = Avetuc/Info.plist;
				IPHONEOS_DEPLOYMENT_TARGET = 8.3;
				LD_RUNPATH_SEARCH_PATHS = "$(inherited) @executable_path/Frameworks";
				PRODUCT_NAME = "$(TARGET_NAME)";
				SWIFT_OBJC_BRIDGING_HEADER = "Avetuc/Avetuc-Bridging-Header.h";
				SWIFT_OPTIMIZATION_LEVEL = "-Ounchecked";
			};
			name = Release;
		};
		78FD6C461B55FC9300AA3875 /* Debug */ = {
			isa = XCBuildConfiguration;
			buildSettings = {
				BUNDLE_LOADER = "$(TEST_HOST)";
				FRAMEWORK_SEARCH_PATHS = (
					"$(SDKROOT)/Developer/Library/Frameworks",
					"$(inherited)",
				);
				GCC_PREPROCESSOR_DEFINITIONS = (
					"DEBUG=1",
					"$(inherited)",
				);
				INFOPLIST_FILE = AvetucTests/Info.plist;
				LD_RUNPATH_SEARCH_PATHS = "$(inherited) @executable_path/Frameworks @loader_path/Frameworks";
				PRODUCT_NAME = "$(TARGET_NAME)";
				TEST_HOST = "$(BUILT_PRODUCTS_DIR)/Avetuc.app/Avetuc";
			};
			name = Debug;
		};
		78FD6C471B55FC9300AA3875 /* Release */ = {
			isa = XCBuildConfiguration;
			buildSettings = {
				BUNDLE_LOADER = "$(TEST_HOST)";
				FRAMEWORK_SEARCH_PATHS = (
					"$(SDKROOT)/Developer/Library/Frameworks",
					"$(inherited)",
				);
				INFOPLIST_FILE = AvetucTests/Info.plist;
				LD_RUNPATH_SEARCH_PATHS = "$(inherited) @executable_path/Frameworks @loader_path/Frameworks";
				PRODUCT_NAME = "$(TARGET_NAME)";
				TEST_HOST = "$(BUILT_PRODUCTS_DIR)/Avetuc.app/Avetuc";
			};
			name = Release;
		};
/* End XCBuildConfiguration section */

/* Begin XCConfigurationList section */
		78FD6C1B1B55FC9300AA3875 /* Build configuration list for PBXProject "Avetuc" */ = {
			isa = XCConfigurationList;
			buildConfigurations = (
				78FD6C401B55FC9300AA3875 /* Debug */,
				78FD6C411B55FC9300AA3875 /* Release */,
			);
			defaultConfigurationIsVisible = 0;
			defaultConfigurationName = Release;
		};
		78FD6C421B55FC9300AA3875 /* Build configuration list for PBXNativeTarget "Avetuc" */ = {
			isa = XCConfigurationList;
			buildConfigurations = (
				78FD6C431B55FC9300AA3875 /* Debug */,
				78FD6C441B55FC9300AA3875 /* Release */,
			);
			defaultConfigurationIsVisible = 0;
			defaultConfigurationName = Release;
		};
		78FD6C451B55FC9300AA3875 /* Build configuration list for PBXNativeTarget "AvetucTests" */ = {
			isa = XCConfigurationList;
			buildConfigurations = (
				78FD6C461B55FC9300AA3875 /* Debug */,
				78FD6C471B55FC9300AA3875 /* Release */,
			);
			defaultConfigurationIsVisible = 0;
			defaultConfigurationName = Release;
		};
/* End XCConfigurationList section */

/* Begin XCVersionGroup section */
		78FD6C271B55FC9300AA3875 /* Avetuc.xcdatamodeld */ = {
			isa = XCVersionGroup;
			children = (
				78FD6C281B55FC9300AA3875 /* Avetuc.xcdatamodel */,
			);
			currentVersion = 78FD6C281B55FC9300AA3875 /* Avetuc.xcdatamodel */;
			path = Avetuc.xcdatamodeld;
			sourceTree = "<group>";
			versionGroupType = wrapper.xcdatamodel;
		};
/* End XCVersionGroup section */
	};
	rootObject = 78FD6C181B55FC9300AA3875 /* Project object */;
}
